// !$*UTF8*$!
{
	archiveVersion = 1;
	classes = {
	};
	objectVersion = 51;
	objects = {

/* Begin PBXBuildFile section */
		3B0B8E7A24D59B03008591F2 /* AppDelegate.swift in Sources */ = {isa = PBXBuildFile; fileRef = 3B0B8E7924D59B03008591F2 /* AppDelegate.swift */; };
		3B0B8E7C24D59B03008591F2 /* SceneDelegate.swift in Sources */ = {isa = PBXBuildFile; fileRef = 3B0B8E7B24D59B03008591F2 /* SceneDelegate.swift */; };
		3B0B8E7E24D59B03008591F2 /* BreedsViewController.swift in Sources */ = {isa = PBXBuildFile; fileRef = 3B0B8E7D24D59B03008591F2 /* BreedsViewController.swift */; };
		3B0B8E8024D59B03008591F2 /* FavoriteViewController.swift in Sources */ = {isa = PBXBuildFile; fileRef = 3B0B8E7F24D59B03008591F2 /* FavoriteViewController.swift */; };
		3B0B8E8324D59B03008591F2 /* Main.storyboard in Resources */ = {isa = PBXBuildFile; fileRef = 3B0B8E8124D59B03008591F2 /* Main.storyboard */; };
		3B0B8E8524D59B05008591F2 /* Assets.xcassets in Resources */ = {isa = PBXBuildFile; fileRef = 3B0B8E8424D59B05008591F2 /* Assets.xcassets */; };
		3B0B8E8824D59B05008591F2 /* LaunchScreen.storyboard in Resources */ = {isa = PBXBuildFile; fileRef = 3B0B8E8624D59B05008591F2 /* LaunchScreen.storyboard */; };
		3B0B8E9324D5B0FC008591F2 /* BreedsTableViewCell.swift in Sources */ = {isa = PBXBuildFile; fileRef = 3B0B8E9224D5B0FC008591F2 /* BreedsTableViewCell.swift */; };
		3B0B8E9524D5B170008591F2 /* SubbreedsViewController.swift in Sources */ = {isa = PBXBuildFile; fileRef = 3B0B8E9424D5B170008591F2 /* SubbreedsViewController.swift */; };
		3B0B8E9724D5B1B3008591F2 /* SubbreedsTableViewCell.swift in Sources */ = {isa = PBXBuildFile; fileRef = 3B0B8E9624D5B1B3008591F2 /* SubbreedsTableViewCell.swift */; };
		3B0B8E9A24D5B60E008591F2 /* ImageViewController.swift in Sources */ = {isa = PBXBuildFile; fileRef = 3B0B8E9924D5B60E008591F2 /* ImageViewController.swift */; };
		3B0B8E9D24D5B64D008591F2 /* FavoriteTableViewCell.swift in Sources */ = {isa = PBXBuildFile; fileRef = 3B0B8E9C24D5B64D008591F2 /* FavoriteTableViewCell.swift */; };
		3B0B8EA024D5B85A008591F2 /* Networking.swift in Sources */ = {isa = PBXBuildFile; fileRef = 3B0B8E9F24D5B85A008591F2 /* Networking.swift */; };
		3B0B8EA224D5B9AA008591F2 /* API.swift in Sources */ = {isa = PBXBuildFile; fileRef = 3B0B8EA124D5B9AA008591F2 /* API.swift */; };
		3B0B8EA424D5BAC0008591F2 /* Model.swift in Sources */ = {isa = PBXBuildFile; fileRef = 3B0B8EA324D5BAC0008591F2 /* Model.swift */; };
		3B0B8EA624D5D134008591F2 /* Routing.swift in Sources */ = {isa = PBXBuildFile; fileRef = 3B0B8EA524D5D134008591F2 /* Routing.swift */; };
		3BE29E6224D7335A00612410 /* ImageCollectionViewCell.swift in Sources */ = {isa = PBXBuildFile; fileRef = 3BE29E6124D7335A00612410 /* ImageCollectionViewCell.swift */; };
		3BE29E6524D769F700612410 /* Persistance.swift in Sources */ = {isa = PBXBuildFile; fileRef = 3BE29E6424D769F700612410 /* Persistance.swift */; };
		3BE29E6724D76AF700612410 /* ModelRealm.swift in Sources */ = {isa = PBXBuildFile; fileRef = 3BE29E6624D76AF700612410 /* ModelRealm.swift */; };
		3BE29E6A24D8839B00612410 /* ShareViewController.swift in Sources */ = {isa = PBXBuildFile; fileRef = 3BE29E6824D8839B00612410 /* ShareViewController.swift */; };
		3BE29E6B24D8839B00612410 /* ShareViewController.xib in Resources */ = {isa = PBXBuildFile; fileRef = 3BE29E6924D8839B00612410 /* ShareViewController.xib */; };
		C74714A240A639C0DF850E18 /* Pods_Dog_breeds.framework in Frameworks */ = {isa = PBXBuildFile; fileRef = 2027D4B827D7EC08D5F43B2D /* Pods_Dog_breeds.framework */; };
/* End PBXBuildFile section */

/* Begin PBXFileReference section */
		2027D4B827D7EC08D5F43B2D /* Pods_Dog_breeds.framework */ = {isa = PBXFileReference; explicitFileType = wrapper.framework; includeInIndex = 0; path = Pods_Dog_breeds.framework; sourceTree = BUILT_PRODUCTS_DIR; };
		3B0B8E7624D59B03008591F2 /* Dog breeds.app */ = {isa = PBXFileReference; explicitFileType = wrapper.application; includeInIndex = 0; path = "Dog breeds.app"; sourceTree = BUILT_PRODUCTS_DIR; };
		3B0B8E7924D59B03008591F2 /* AppDelegate.swift */ = {isa = PBXFileReference; lastKnownFileType = sourcecode.swift; path = AppDelegate.swift; sourceTree = "<group>"; };
		3B0B8E7B24D59B03008591F2 /* SceneDelegate.swift */ = {isa = PBXFileReference; lastKnownFileType = sourcecode.swift; path = SceneDelegate.swift; sourceTree = "<group>"; };
		3B0B8E7D24D59B03008591F2 /* BreedsViewController.swift */ = {isa = PBXFileReference; lastKnownFileType = sourcecode.swift; path = BreedsViewController.swift; sourceTree = "<group>"; };
		3B0B8E7F24D59B03008591F2 /* FavoriteViewController.swift */ = {isa = PBXFileReference; lastKnownFileType = sourcecode.swift; path = FavoriteViewController.swift; sourceTree = "<group>"; };
		3B0B8E8224D59B03008591F2 /* Base */ = {isa = PBXFileReference; lastKnownFileType = file.storyboard; name = Base; path = Base.lproj/Main.storyboard; sourceTree = "<group>"; };
		3B0B8E8424D59B05008591F2 /* Assets.xcassets */ = {isa = PBXFileReference; lastKnownFileType = folder.assetcatalog; path = Assets.xcassets; sourceTree = "<group>"; };
		3B0B8E8724D59B05008591F2 /* Base */ = {isa = PBXFileReference; lastKnownFileType = file.storyboard; name = Base; path = Base.lproj/LaunchScreen.storyboard; sourceTree = "<group>"; };
		3B0B8E8924D59B05008591F2 /* Info.plist */ = {isa = PBXFileReference; lastKnownFileType = text.plist.xml; path = Info.plist; sourceTree = "<group>"; };
		3B0B8E9224D5B0FC008591F2 /* BreedsTableViewCell.swift */ = {isa = PBXFileReference; lastKnownFileType = sourcecode.swift; name = BreedsTableViewCell.swift; path = "Dog breeds/Breeds/BreedsTableViewCell.swift"; sourceTree = SOURCE_ROOT; };
		3B0B8E9424D5B170008591F2 /* SubbreedsViewController.swift */ = {isa = PBXFileReference; lastKnownFileType = sourcecode.swift; path = SubbreedsViewController.swift; sourceTree = "<group>"; };
		3B0B8E9624D5B1B3008591F2 /* SubbreedsTableViewCell.swift */ = {isa = PBXFileReference; lastKnownFileType = sourcecode.swift; path = SubbreedsTableViewCell.swift; sourceTree = "<group>"; };
		3B0B8E9924D5B60E008591F2 /* ImageViewController.swift */ = {isa = PBXFileReference; lastKnownFileType = sourcecode.swift; path = ImageViewController.swift; sourceTree = "<group>"; };
		3B0B8E9C24D5B64D008591F2 /* FavoriteTableViewCell.swift */ = {isa = PBXFileReference; lastKnownFileType = sourcecode.swift; path = FavoriteTableViewCell.swift; sourceTree = "<group>"; };
		3B0B8E9F24D5B85A008591F2 /* Networking.swift */ = {isa = PBXFileReference; lastKnownFileType = sourcecode.swift; path = Networking.swift; sourceTree = "<group>"; };
		3B0B8EA124D5B9AA008591F2 /* API.swift */ = {isa = PBXFileReference; lastKnownFileType = sourcecode.swift; path = API.swift; sourceTree = "<group>"; };
		3B0B8EA324D5BAC0008591F2 /* Model.swift */ = {isa = PBXFileReference; lastKnownFileType = sourcecode.swift; path = Model.swift; sourceTree = "<group>"; };
		3B0B8EA524D5D134008591F2 /* Routing.swift */ = {isa = PBXFileReference; lastKnownFileType = sourcecode.swift; path = Routing.swift; sourceTree = "<group>"; };
		3BE29E6124D7335A00612410 /* ImageCollectionViewCell.swift */ = {isa = PBXFileReference; lastKnownFileType = sourcecode.swift; path = ImageCollectionViewCell.swift; sourceTree = "<group>"; };
		3BE29E6424D769F700612410 /* Persistance.swift */ = {isa = PBXFileReference; lastKnownFileType = sourcecode.swift; path = Persistance.swift; sourceTree = "<group>"; };
		3BE29E6624D76AF700612410 /* ModelRealm.swift */ = {isa = PBXFileReference; lastKnownFileType = sourcecode.swift; path = ModelRealm.swift; sourceTree = "<group>"; };
		3BE29E6824D8839B00612410 /* ShareViewController.swift */ = {isa = PBXFileReference; lastKnownFileType = sourcecode.swift; path = ShareViewController.swift; sourceTree = "<group>"; };
		3BE29E6924D8839B00612410 /* ShareViewController.xib */ = {isa = PBXFileReference; lastKnownFileType = file.xib; path = ShareViewController.xib; sourceTree = "<group>"; };
		71D9D43C92AE7C4F264AE529 /* Pods-Dog breeds.debug.xcconfig */ = {isa = PBXFileReference; includeInIndex = 1; lastKnownFileType = text.xcconfig; name = "Pods-Dog breeds.debug.xcconfig"; path = "Target Support Files/Pods-Dog breeds/Pods-Dog breeds.debug.xcconfig"; sourceTree = "<group>"; };
		FC43D76B9D343DB610B492A2 /* Pods-Dog breeds.release.xcconfig */ = {isa = PBXFileReference; includeInIndex = 1; lastKnownFileType = text.xcconfig; name = "Pods-Dog breeds.release.xcconfig"; path = "Target Support Files/Pods-Dog breeds/Pods-Dog breeds.release.xcconfig"; sourceTree = "<group>"; };
/* End PBXFileReference section */

/* Begin PBXFrameworksBuildPhase section */
		3B0B8E7324D59B03008591F2 /* Frameworks */ = {
			isa = PBXFrameworksBuildPhase;
			buildActionMask = 2147483647;
			files = (
				C74714A240A639C0DF850E18 /* Pods_Dog_breeds.framework in Frameworks */,
			);
			runOnlyForDeploymentPostprocessing = 0;
		};
/* End PBXFrameworksBuildPhase section */

/* Begin PBXGroup section */
		3B0B8E6D24D59B03008591F2 = {
			isa = PBXGroup;
			children = (
				3B0B8E7824D59B03008591F2 /* Dog breeds */,
				3B0B8E7724D59B03008591F2 /* Products */,
				5FC8472411AC6FDA3E3BADB9 /* Pods */,
				9F3358291E714DADC3F9909F /* Frameworks */,
			);
			sourceTree = "<group>";
		};
		3B0B8E7724D59B03008591F2 /* Products */ = {
			isa = PBXGroup;
			children = (
				3B0B8E7624D59B03008591F2 /* Dog breeds.app */,
			);
			name = Products;
			sourceTree = "<group>";
		};
		3B0B8E7824D59B03008591F2 /* Dog breeds */ = {
			isa = PBXGroup;
			children = (
				3B0B8E7924D59B03008591F2 /* AppDelegate.swift */,
				3B0B8E7B24D59B03008591F2 /* SceneDelegate.swift */,
				3B0B8E8F24D5B0A0008591F2 /* Model */,
				3B0B8E9E24D5B836008591F2 /* Networking */,
				3BE29E6324D769A600612410 /* Persistance */,
				3B0B8E9024D5B0AF008591F2 /* Breeds */,
				3B0B8E9B24D5B622008591F2 /* Favorite */,
				3BE29E6024D7330C00612410 /* ImageView */,
				3B0B8E8124D59B03008591F2 /* Main.storyboard */,
				3B0B8E8424D59B05008591F2 /* Assets.xcassets */,
				3B0B8E8624D59B05008591F2 /* LaunchScreen.storyboard */,
				3B0B8E8924D59B05008591F2 /* Info.plist */,
			);
			path = "Dog breeds";
			sourceTree = "<group>";
		};
		3B0B8E8F24D5B0A0008591F2 /* Model */ = {
			isa = PBXGroup;
			children = (
				3B0B8EA324D5BAC0008591F2 /* Model.swift */,
				3BE29E6624D76AF700612410 /* ModelRealm.swift */,
			);
			path = Model;
			sourceTree = "<group>";
		};
		3B0B8E9024D5B0AF008591F2 /* Breeds */ = {
			isa = PBXGroup;
			children = (
				3B0B8E7D24D59B03008591F2 /* BreedsViewController.swift */,
				3B0B8E9224D5B0FC008591F2 /* BreedsTableViewCell.swift */,
				3B0B8E9124D5B0CB008591F2 /* Subbreeds */,
			);
			path = Breeds;
			sourceTree = "<group>";
		};
		3B0B8E9124D5B0CB008591F2 /* Subbreeds */ = {
			isa = PBXGroup;
			children = (
				3B0B8E9424D5B170008591F2 /* SubbreedsViewController.swift */,
				3B0B8E9624D5B1B3008591F2 /* SubbreedsTableViewCell.swift */,
			);
			path = Subbreeds;
			sourceTree = "<group>";
		};
		3B0B8E9B24D5B622008591F2 /* Favorite */ = {
			isa = PBXGroup;
			children = (
				3B0B8E7F24D59B03008591F2 /* FavoriteViewController.swift */,
				3B0B8E9C24D5B64D008591F2 /* FavoriteTableViewCell.swift */,
			);
			path = Favorite;
			sourceTree = "<group>";
		};
		3B0B8E9E24D5B836008591F2 /* Networking */ = {
			isa = PBXGroup;
			children = (
				3B0B8EA124D5B9AA008591F2 /* API.swift */,
				3B0B8E9F24D5B85A008591F2 /* Networking.swift */,
				3B0B8EA524D5D134008591F2 /* Routing.swift */,
			);
			path = Networking;
			sourceTree = "<group>";
		};
		3BE29E6024D7330C00612410 /* ImageView */ = {
			isa = PBXGroup;
			children = (
				3B0B8E9924D5B60E008591F2 /* ImageViewController.swift */,
				3BE29E6124D7335A00612410 /* ImageCollectionViewCell.swift */,
				3BE29E6824D8839B00612410 /* ShareViewController.swift */,
				3BE29E6924D8839B00612410 /* ShareViewController.xib */,
			);
			path = ImageView;
			sourceTree = "<group>";
		};
		3BE29E6324D769A600612410 /* Persistance */ = {
			isa = PBXGroup;
			children = (
				3BE29E6424D769F700612410 /* Persistance.swift */,
			);
			path = Persistance;
			sourceTree = "<group>";
		};
		5FC8472411AC6FDA3E3BADB9 /* Pods */ = {
			isa = PBXGroup;
			children = (
				71D9D43C92AE7C4F264AE529 /* Pods-Dog breeds.debug.xcconfig */,
				FC43D76B9D343DB610B492A2 /* Pods-Dog breeds.release.xcconfig */,
			);
			path = Pods;
			sourceTree = "<group>";
		};
		9F3358291E714DADC3F9909F /* Frameworks */ = {
			isa = PBXGroup;
			children = (
				2027D4B827D7EC08D5F43B2D /* Pods_Dog_breeds.framework */,
			);
			name = Frameworks;
			sourceTree = "<group>";
		};
/* End PBXGroup section */

/* Begin PBXNativeTarget section */
		3B0B8E7524D59B03008591F2 /* Dog breeds */ = {
			isa = PBXNativeTarget;
			buildConfigurationList = 3B0B8E8C24D59B05008591F2 /* Build configuration list for PBXNativeTarget "Dog breeds" */;
			buildPhases = (
				E22FFBAC1CC9736343C08BFD /* [CP] Check Pods Manifest.lock */,
				3B0B8E7224D59B03008591F2 /* Sources */,
				3B0B8E7324D59B03008591F2 /* Frameworks */,
				3B0B8E7424D59B03008591F2 /* Resources */,
				6E4C55C2DB3F689F1DD0E805 /* [CP] Embed Pods Frameworks */,
			);
			buildRules = (
			);
			dependencies = (
			);
			name = "Dog breeds";
			productName = "Dog breeds";
			productReference = 3B0B8E7624D59B03008591F2 /* Dog breeds.app */;
			productType = "com.apple.product-type.application";
		};
/* End PBXNativeTarget section */

/* Begin PBXProject section */
		3B0B8E6E24D59B03008591F2 /* Project object */ = {
			isa = PBXProject;
			attributes = {
				LastSwiftUpdateCheck = 1150;
				LastUpgradeCheck = 1150;
				ORGANIZATIONNAME = "Александр Осипов";
				TargetAttributes = {
					3B0B8E7524D59B03008591F2 = {
						CreatedOnToolsVersion = 11.5;
					};
				};
			};
			buildConfigurationList = 3B0B8E7124D59B03008591F2 /* Build configuration list for PBXProject "Dog breeds" */;
			compatibilityVersion = "Xcode 9.3";
			developmentRegion = en;
			hasScannedForEncodings = 0;
			knownRegions = (
				en,
				Base,
			);
			mainGroup = 3B0B8E6D24D59B03008591F2;
			productRefGroup = 3B0B8E7724D59B03008591F2 /* Products */;
			projectDirPath = "";
			projectRoot = "";
			targets = (
				3B0B8E7524D59B03008591F2 /* Dog breeds */,
			);
		};
/* End PBXProject section */

/* Begin PBXResourcesBuildPhase section */
		3B0B8E7424D59B03008591F2 /* Resources */ = {
			isa = PBXResourcesBuildPhase;
			buildActionMask = 2147483647;
			files = (
				3B0B8E8824D59B05008591F2 /* LaunchScreen.storyboard in Resources */,
				3B0B8E8524D59B05008591F2 /* Assets.xcassets in Resources */,
				3BE29E6B24D8839B00612410 /* ShareViewController.xib in Resources */,
				3B0B8E8324D59B03008591F2 /* Main.storyboard in Resources */,
			);
			runOnlyForDeploymentPostprocessing = 0;
		};
/* End PBXResourcesBuildPhase section */

/* Begin PBXShellScriptBuildPhase section */
		6E4C55C2DB3F689F1DD0E805 /* [CP] Embed Pods Frameworks */ = {
			isa = PBXShellScriptBuildPhase;
			buildActionMask = 2147483647;
			files = (
			);
			inputFileListPaths = (
				"${PODS_ROOT}/Target Support Files/Pods-Dog breeds/Pods-Dog breeds-frameworks-${CONFIGURATION}-input-files.xcfilelist",
			);
			name = "[CP] Embed Pods Frameworks";
			outputFileListPaths = (
				"${PODS_ROOT}/Target Support Files/Pods-Dog breeds/Pods-Dog breeds-frameworks-${CONFIGURATION}-output-files.xcfilelist",
			);
			runOnlyForDeploymentPostprocessing = 0;
			shellPath = /bin/sh;
			shellScript = "\"${PODS_ROOT}/Target Support Files/Pods-Dog breeds/Pods-Dog breeds-frameworks.sh\"\n";
			showEnvVarsInLog = 0;
		};
		E22FFBAC1CC9736343C08BFD /* [CP] Check Pods Manifest.lock */ = {
			isa = PBXShellScriptBuildPhase;
			buildActionMask = 2147483647;
			files = (
			);
			inputFileListPaths = (
			);
			inputPaths = (
				"${PODS_PODFILE_DIR_PATH}/Podfile.lock",
				"${PODS_ROOT}/Manifest.lock",
			);
			name = "[CP] Check Pods Manifest.lock";
			outputFileListPaths = (
			);
			outputPaths = (
				"$(DERIVED_FILE_DIR)/Pods-Dog breeds-checkManifestLockResult.txt",
			);
			runOnlyForDeploymentPostprocessing = 0;
			shellPath = /bin/sh;
			shellScript = "diff \"${PODS_PODFILE_DIR_PATH}/Podfile.lock\" \"${PODS_ROOT}/Manifest.lock\" > /dev/null\nif [ $? != 0 ] ; then\n    # print error to STDERR\n    echo \"error: The sandbox is not in sync with the Podfile.lock. Run 'pod install' or update your CocoaPods installation.\" >&2\n    exit 1\nfi\n# This output is used by Xcode 'outputs' to avoid re-running this script phase.\necho \"SUCCESS\" > \"${SCRIPT_OUTPUT_FILE_0}\"\n";
			showEnvVarsInLog = 0;
		};
/* End PBXShellScriptBuildPhase section */

/* Begin PBXSourcesBuildPhase section */
		3B0B8E7224D59B03008591F2 /* Sources */ = {
			isa = PBXSourcesBuildPhase;
			buildActionMask = 2147483647;
			files = (
				3B0B8EA224D5B9AA008591F2 /* API.swift in Sources */,
				3B0B8E8024D59B03008591F2 /* FavoriteViewController.swift in Sources */,
				3B0B8EA624D5D134008591F2 /* Routing.swift in Sources */,
				3B0B8EA024D5B85A008591F2 /* Networking.swift in Sources */,
				3B0B8EA424D5BAC0008591F2 /* Model.swift in Sources */,
				3B0B8E9524D5B170008591F2 /* SubbreedsViewController.swift in Sources */,
				3B0B8E7E24D59B03008591F2 /* BreedsViewController.swift in Sources */,
				3B0B8E7A24D59B03008591F2 /* AppDelegate.swift in Sources */,
				3BE29E6524D769F700612410 /* Persistance.swift in Sources */,
				3B0B8E9D24D5B64D008591F2 /* FavoriteTableViewCell.swift in Sources */,
				3B0B8E7C24D59B03008591F2 /* SceneDelegate.swift in Sources */,
				3BE29E6224D7335A00612410 /* ImageCollectionViewCell.swift in Sources */,
				3B0B8E9724D5B1B3008591F2 /* SubbreedsTableViewCell.swift in Sources */,
				3BE29E6724D76AF700612410 /* ModelRealm.swift in Sources */,
				3B0B8E9A24D5B60E008591F2 /* ImageViewController.swift in Sources */,
				3B0B8E9324D5B0FC008591F2 /* BreedsTableViewCell.swift in Sources */,
				3BE29E6A24D8839B00612410 /* ShareViewController.swift in Sources */,
			);
			runOnlyForDeploymentPostprocessing = 0;
		};
/* End PBXSourcesBuildPhase section */

/* Begin PBXVariantGroup section */
		3B0B8E8124D59B03008591F2 /* Main.storyboard */ = {
			isa = PBXVariantGroup;
			children = (
				3B0B8E8224D59B03008591F2 /* Base */,
			);
			name = Main.storyboard;
			sourceTree = "<group>";
		};
		3B0B8E8624D59B05008591F2 /* LaunchScreen.storyboard */ = {
			isa = PBXVariantGroup;
			children = (
				3B0B8E8724D59B05008591F2 /* Base */,
			);
			name = LaunchScreen.storyboard;
			sourceTree = "<group>";
		};
/* End PBXVariantGroup section */

/* Begin XCBuildConfiguration section */
		3B0B8E8A24D59B05008591F2 /* Debug */ = {
			isa = XCBuildConfiguration;
			buildSettings = {
				ALWAYS_SEARCH_USER_PATHS = NO;
				CLANG_ANALYZER_NONNULL = YES;
				CLANG_ANALYZER_NUMBER_OBJECT_CONVERSION = YES_AGGRESSIVE;
				CLANG_CXX_LANGUAGE_STANDARD = "gnu++14";
				CLANG_CXX_LIBRARY = "libc++";
				CLANG_ENABLE_MODULES = YES;
				CLANG_ENABLE_OBJC_ARC = YES;
				CLANG_ENABLE_OBJC_WEAK = YES;
				CLANG_WARN_BLOCK_CAPTURE_AUTORELEASING = YES;
				CLANG_WARN_BOOL_CONVERSION = YES;
				CLANG_WARN_COMMA = YES;
				CLANG_WARN_CONSTANT_CONVERSION = YES;
				CLANG_WARN_DEPRECATED_OBJC_IMPLEMENTATIONS = YES;
				CLANG_WARN_DIRECT_OBJC_ISA_USAGE = YES_ERROR;
				CLANG_WARN_DOCUMENTATION_COMMENTS = YES;
				CLANG_WARN_EMPTY_BODY = YES;
				CLANG_WARN_ENUM_CONVERSION = YES;
				CLANG_WARN_INFINITE_RECURSION = YES;
				CLANG_WARN_INT_CONVERSION = YES;
				CLANG_WARN_NON_LITERAL_NULL_CONVERSION = YES;
				CLANG_WARN_OBJC_IMPLICIT_RETAIN_SELF = YES;
				CLANG_WARN_OBJC_LITERAL_CONVERSION = YES;
				CLANG_WARN_OBJC_ROOT_CLASS = YES_ERROR;
				CLANG_WARN_RANGE_LOOP_ANALYSIS = YES;
				CLANG_WARN_STRICT_PROTOTYPES = YES;
				CLANG_WARN_SUSPICIOUS_MOVE = YES;
				CLANG_WARN_UNGUARDED_AVAILABILITY = YES_AGGRESSIVE;
				CLANG_WARN_UNREACHABLE_CODE = YES;
				CLANG_WARN__DUPLICATE_METHOD_MATCH = YES;
				COPY_PHASE_STRIP = NO;
				DEBUG_INFORMATION_FORMAT = dwarf;
				ENABLE_STRICT_OBJC_MSGSEND = YES;
				ENABLE_TESTABILITY = YES;
				GCC_C_LANGUAGE_STANDARD = gnu11;
				GCC_DYNAMIC_NO_PIC = NO;
				GCC_NO_COMMON_BLOCKS = YES;
				GCC_OPTIMIZATION_LEVEL = 0;
				GCC_PREPROCESSOR_DEFINITIONS = (
					"DEBUG=1",
					"$(inherited)",
				);
				GCC_WARN_64_TO_32_BIT_CONVERSION = YES;
				GCC_WARN_ABOUT_RETURN_TYPE = YES_ERROR;
				GCC_WARN_UNDECLARED_SELECTOR = YES;
				GCC_WARN_UNINITIALIZED_AUTOS = YES_AGGRESSIVE;
				GCC_WARN_UNUSED_FUNCTION = YES;
				GCC_WARN_UNUSED_VARIABLE = YES;
				IPHONEOS_DEPLOYMENT_TARGET = 13.5;
				MTL_ENABLE_DEBUG_INFO = INCLUDE_SOURCE;
				MTL_FAST_MATH = YES;
				ONLY_ACTIVE_ARCH = YES;
				SDKROOT = iphoneos;
				SWIFT_ACTIVE_COMPILATION_CONDITIONS = DEBUG;
				SWIFT_OPTIMIZATION_LEVEL = "-Onone";
			};
			name = Debug;
		};
		3B0B8E8B24D59B05008591F2 /* Release */ = {
			isa = XCBuildConfiguration;
			buildSettings = {
				ALWAYS_SEARCH_USER_PATHS = NO;
				CLANG_ANALYZER_NONNULL = YES;
				CLANG_ANALYZER_NUMBER_OBJECT_CONVERSION = YES_AGGRESSIVE;
				CLANG_CXX_LANGUAGE_STANDARD = "gnu++14";
				CLANG_CXX_LIBRARY = "libc++";
				CLANG_ENABLE_MODULES = YES;
				CLANG_ENABLE_OBJC_ARC = YES;
				CLANG_ENABLE_OBJC_WEAK = YES;
				CLANG_WARN_BLOCK_CAPTURE_AUTORELEASING = YES;
				CLANG_WARN_BOOL_CONVERSION = YES;
				CLANG_WARN_COMMA = YES;
				CLANG_WARN_CONSTANT_CONVERSION = YES;
				CLANG_WARN_DEPRECATED_OBJC_IMPLEMENTATIONS = YES;
				CLANG_WARN_DIRECT_OBJC_ISA_USAGE = YES_ERROR;
				CLANG_WARN_DOCUMENTATION_COMMENTS = YES;
				CLANG_WARN_EMPTY_BODY = YES;
				CLANG_WARN_ENUM_CONVERSION = YES;
				CLANG_WARN_INFINITE_RECURSION = YES;
				CLANG_WARN_INT_CONVERSION = YES;
				CLANG_WARN_NON_LITERAL_NULL_CONVERSION = YES;
				CLANG_WARN_OBJC_IMPLICIT_RETAIN_SELF = YES;
				CLANG_WARN_OBJC_LITERAL_CONVERSION = YES;
				CLANG_WARN_OBJC_ROOT_CLASS = YES_ERROR;
				CLANG_WARN_RANGE_LOOP_ANALYSIS = YES;
				CLANG_WARN_STRICT_PROTOTYPES = YES;
				CLANG_WARN_SUSPICIOUS_MOVE = YES;
				CLANG_WARN_UNGUARDED_AVAILABILITY = YES_AGGRESSIVE;
				CLANG_WARN_UNREACHABLE_CODE = YES;
				CLANG_WARN__DUPLICATE_METHOD_MATCH = YES;
				COPY_PHASE_STRIP = NO;
				DEBUG_INFORMATION_FORMAT = "dwarf-with-dsym";
				ENABLE_NS_ASSERTIONS = NO;
				ENABLE_STRICT_OBJC_MSGSEND = YES;
				GCC_C_LANGUAGE_STANDARD = gnu11;
				GCC_NO_COMMON_BLOCKS = YES;
				GCC_WARN_64_TO_32_BIT_CONVERSION = YES;
				GCC_WARN_ABOUT_RETURN_TYPE = YES_ERROR;
				GCC_WARN_UNDECLARED_SELECTOR = YES;
				GCC_WARN_UNINITIALIZED_AUTOS = YES_AGGRESSIVE;
				GCC_WARN_UNUSED_FUNCTION = YES;
				GCC_WARN_UNUSED_VARIABLE = YES;
				IPHONEOS_DEPLOYMENT_TARGET = 13.5;
				MTL_ENABLE_DEBUG_INFO = NO;
				MTL_FAST_MATH = YES;
				SDKROOT = iphoneos;
				SWIFT_COMPILATION_MODE = wholemodule;
				SWIFT_OPTIMIZATION_LEVEL = "-O";
				VALIDATE_PRODUCT = YES;
			};
			name = Release;
		};
		3B0B8E8D24D59B05008591F2 /* Debug */ = {
			isa = XCBuildConfiguration;
			baseConfigurationReference = 71D9D43C92AE7C4F264AE529 /* Pods-Dog breeds.debug.xcconfig */;
			buildSettings = {
				ASSETCATALOG_COMPILER_APPICON_NAME = AppIcon;
				CODE_SIGN_STYLE = Automatic;
				DEVELOPMENT_TEAM = DJVBA9CU33;
				INFOPLIST_FILE = "Dog breeds/Info.plist";
				LD_RUNPATH_SEARCH_PATHS = (
					"$(inherited)",
					"@executable_path/Frameworks",
				);
				PRODUCT_BUNDLE_IDENTIFIER = "com.Sashik.Dog-breeds";
				PRODUCT_NAME = "$(TARGET_NAME)";
				SWIFT_VERSION = 5.0;
				TARGETED_DEVICE_FAMILY = 1;
			};
			name = Debug;
		};
		3B0B8E8E24D59B05008591F2 /* Release */ = {
			isa = XCBuildConfiguration;
			baseConfigurationReference = FC43D76B9D343DB610B492A2 /* Pods-Dog breeds.release.xcconfig */;
			buildSettings = {
				ASSETCATALOG_COMPILER_APPICON_NAME = AppIcon;
				CODE_SIGN_STYLE = Automatic;
				DEVELOPMENT_TEAM = DJVBA9CU33;
				INFOPLIST_FILE = "Dog breeds/Info.plist";
				LD_RUNPATH_SEARCH_PATHS = (
					"$(inherited)",
					"@executable_path/Frameworks",
				);
				PRODUCT_BUNDLE_IDENTIFIER = "com.Sashik.Dog-breeds";
				PRODUCT_NAME = "$(TARGET_NAME)";
				SWIFT_VERSION = 5.0;
				TARGETED_DEVICE_FAMILY = 1;
			};
			name = Release;
		};
/* End XCBuildConfiguration section */

/* Begin XCConfigurationList section */
		3B0B8E7124D59B03008591F2 /* Build configuration list for PBXProject "Dog breeds" */ = {
			isa = XCConfigurationList;
			buildConfigurations = (
				3B0B8E8A24D59B05008591F2 /* Debug */,
				3B0B8E8B24D59B05008591F2 /* Release */,
			);
			defaultConfigurationIsVisible = 0;
			defaultConfigurationName = Release;
		};
		3B0B8E8C24D59B05008591F2 /* Build configuration list for PBXNativeTarget "Dog breeds" */ = {
			isa = XCConfigurationList;
			buildConfigurations = (
				3B0B8E8D24D59B05008591F2 /* Debug */,
				3B0B8E8E24D59B05008591F2 /* Release */,
			);
			defaultConfigurationIsVisible = 0;
			defaultConfigurationName = Release;
		};
/* End XCConfigurationList section */
	};
	rootObject = 3B0B8E6E24D59B03008591F2 /* Project object */;
}
